// !$*UTF8*$!
{
	archiveVersion = 1;
	classes = {
	};
	objectVersion = 50;
	objects = {

/* Begin PBXBuildFile section */
		2E42BAE72282F2EE00E8B91E /* AppDelegate.swift in Sources */ = {isa = PBXBuildFile; fileRef = 2E42BAE62282F2EE00E8B91E /* AppDelegate.swift */; };
		2E42BAE92282F2EE00E8B91E /* ViewController.swift in Sources */ = {isa = PBXBuildFile; fileRef = 2E42BAE82282F2EE00E8B91E /* ViewController.swift */; };
		2E42BAEC2282F2EE00E8B91E /* Main.storyboard in Resources */ = {isa = PBXBuildFile; fileRef = 2E42BAEA2282F2EE00E8B91E /* Main.storyboard */; };
		2E42BAEE2282F2F600E8B91E /* Assets.xcassets in Resources */ = {isa = PBXBuildFile; fileRef = 2E42BAED2282F2F600E8B91E /* Assets.xcassets */; };
		2E42BAF12282F2F600E8B91E /* LaunchScreen.storyboard in Resources */ = {isa = PBXBuildFile; fileRef = 2E42BAEF2282F2F600E8B91E /* LaunchScreen.storyboard */; };
		2E42BAF92282F83800E8B91E /* GameSceneViewController.swift in Sources */ = {isa = PBXBuildFile; fileRef = 2E42BAF82282F83800E8B91E /* GameSceneViewController.swift */; };
		2E42BAFB2283061900E8B91E /* BubbleView.swift in Sources */ = {isa = PBXBuildFile; fileRef = 2E42BAFA2283061900E8B91E /* BubbleView.swift */; };
		2E42BAFD228308B900E8B91E /* SettingViewController.swift in Sources */ = {isa = PBXBuildFile; fileRef = 2E42BAFC228308B900E8B91E /* SettingViewController.swift */; };
		2E42BAFF2283EE4E00E8B91E /* ScoreBoardViewController.swift in Sources */ = {isa = PBXBuildFile; fileRef = 2E42BAFE2283EE4E00E8B91E /* ScoreBoardViewController.swift */; };
/* End PBXBuildFile section */

/* Begin PBXFileReference section */
		2E42BAE32282F2EE00E8B91E /* BubblePop.app */ = {isa = PBXFileReference; explicitFileType = wrapper.application; includeInIndex = 0; path = BubblePop.app; sourceTree = BUILT_PRODUCTS_DIR; };
		2E42BAE62282F2EE00E8B91E /* AppDelegate.swift */ = {isa = PBXFileReference; lastKnownFileType = sourcecode.swift; path = AppDelegate.swift; sourceTree = "<group>"; };
		2E42BAE82282F2EE00E8B91E /* ViewController.swift */ = {isa = PBXFileReference; lastKnownFileType = sourcecode.swift; path = ViewController.swift; sourceTree = "<group>"; };
		2E42BAEB2282F2EE00E8B91E /* Base */ = {isa = PBXFileReference; lastKnownFileType = file.storyboard; name = Base; path = Base.lproj/Main.storyboard; sourceTree = "<group>"; };
		2E42BAED2282F2F600E8B91E /* Assets.xcassets */ = {isa = PBXFileReference; lastKnownFileType = folder.assetcatalog; path = Assets.xcassets; sourceTree = "<group>"; };
		2E42BAF02282F2F600E8B91E /* Base */ = {isa = PBXFileReference; lastKnownFileType = file.storyboard; name = Base; path = Base.lproj/LaunchScreen.storyboard; sourceTree = "<group>"; };
		2E42BAF22282F2F600E8B91E /* Info.plist */ = {isa = PBXFileReference; lastKnownFileType = text.plist.xml; path = Info.plist; sourceTree = "<group>"; };
		2E42BAF82282F83800E8B91E /* GameSceneViewController.swift */ = {isa = PBXFileReference; lastKnownFileType = sourcecode.swift; path = GameSceneViewController.swift; sourceTree = "<group>"; };
		2E42BAFA2283061900E8B91E /* BubbleView.swift */ = {isa = PBXFileReference; lastKnownFileType = sourcecode.swift; path = BubbleView.swift; sourceTree = "<group>"; };
		2E42BAFC228308B900E8B91E /* SettingViewController.swift */ = {isa = PBXFileReference; lastKnownFileType = sourcecode.swift; path = SettingViewController.swift; sourceTree = "<group>"; };
		2E42BAFE2283EE4E00E8B91E /* ScoreBoardViewController.swift */ = {isa = PBXFileReference; lastKnownFileType = sourcecode.swift; path = ScoreBoardViewController.swift; sourceTree = "<group>"; };
/* End PBXFileReference section */

/* Begin PBXFrameworksBuildPhase section */
		2E42BAE02282F2EE00E8B91E /* Frameworks */ = {
			isa = PBXFrameworksBuildPhase;
			buildActionMask = 2147483647;
			files = (
			);
			runOnlyForDeploymentPostprocessing = 0;
		};
/* End PBXFrameworksBuildPhase section */

/* Begin PBXGroup section */
		2E42BADA2282F2EE00E8B91E = {
			isa = PBXGroup;
			children = (
				2E42BAE52282F2EE00E8B91E /* BubblePop */,
				2E42BAE42282F2EE00E8B91E /* Products */,
			);
			sourceTree = "<group>";
		};
		2E42BAE42282F2EE00E8B91E /* Products */ = {
			isa = PBXGroup;
			children = (
				2E42BAE32282F2EE00E8B91E /* BubblePop.app */,
			);
			name = Products;
			sourceTree = "<group>";
		};
		2E42BAE52282F2EE00E8B91E /* BubblePop */ = {
			isa = PBXGroup;
			children = (
				D96E5BE422855D2E00793BBD /* Model */,
				D96E5BE322855D1000793BBD /* View controller */,
				2E42BAEA2282F2EE00E8B91E /* Main.storyboard */,
				2E42BAED2282F2F600E8B91E /* Assets.xcassets */,
				2E42BAEF2282F2F600E8B91E /* LaunchScreen.storyboard */,
				2E42BAF22282F2F600E8B91E /* Info.plist */,
			);
			path = BubblePop;
			sourceTree = "<group>";
		};
		D96E5BE322855D1000793BBD /* View controller */ = {
			isa = PBXGroup;
			children = (
				2E42BAFA2283061900E8B91E /* BubbleView.swift */,
				2E42BAE82282F2EE00E8B91E /* ViewController.swift */,
				2E42BAF82282F83800E8B91E /* GameSceneViewController.swift */,
				2E42BAFC228308B900E8B91E /* SettingViewController.swift */,
				2E42BAFE2283EE4E00E8B91E /* ScoreBoardViewController.swift */,
			);
			path = "View controller";
			sourceTree = "<group>";
		};
		D96E5BE422855D2E00793BBD /* Model */ = {
			isa = PBXGroup;
			children = (
				2E42BAE62282F2EE00E8B91E /* AppDelegate.swift */,
			);
			path = Model;
			sourceTree = "<group>";
		};
/* End PBXGroup section */

/* Begin PBXNativeTarget section */
		2E42BAE22282F2EE00E8B91E /* BubblePop */ = {
			isa = PBXNativeTarget;
			buildConfigurationList = 2E42BAF52282F2F600E8B91E /* Build configuration list for PBXNativeTarget "BubblePop" */;
			buildPhases = (
				2E42BADF2282F2EE00E8B91E /* Sources */,
				2E42BAE02282F2EE00E8B91E /* Frameworks */,
				2E42BAE12282F2EE00E8B91E /* Resources */,
			);
			buildRules = (
			);
			dependencies = (
			);
			name = BubblePop;
			productName = BubblePop;
			productReference = 2E42BAE32282F2EE00E8B91E /* BubblePop.app */;
			productType = "com.apple.product-type.application";
		};
/* End PBXNativeTarget section */

/* Begin PBXProject section */
		2E42BADB2282F2EE00E8B91E /* Project object */ = {
			isa = PBXProject;
			attributes = {
				LastSwiftUpdateCheck = 1020;
				LastUpgradeCheck = 1020;
				TargetAttributes = {
					2E42BAE22282F2EE00E8B91E = {
						CreatedOnToolsVersion = 10.2;
					};
				};
			};
			buildConfigurationList = 2E42BADE2282F2EE00E8B91E /* Build configuration list for PBXProject "BubblePop" */;
			compatibilityVersion = "Xcode 9.3";
			developmentRegion = en;
			hasScannedForEncodings = 0;
			knownRegions = (
				en,
				Base,
			);
			mainGroup = 2E42BADA2282F2EE00E8B91E;
			productRefGroup = 2E42BAE42282F2EE00E8B91E /* Products */;
			projectDirPath = "";
			projectRoot = "";
			targets = (
				2E42BAE22282F2EE00E8B91E /* BubblePop */,
			);
		};
/* End PBXProject section */

/* Begin PBXResourcesBuildPhase section */
		2E42BAE12282F2EE00E8B91E /* Resources */ = {
			isa = PBXResourcesBuildPhase;
			buildActionMask = 2147483647;
			files = (
				2E42BAF12282F2F600E8B91E /* LaunchScreen.storyboard in Resources */,
				2E42BAEE2282F2F600E8B91E /* Assets.xcassets in Resources */,
				2E42BAEC2282F2EE00E8B91E /* Main.storyboard in Resources */,
			);
			runOnlyForDeploymentPostprocessing = 0;
		};
/* End PBXResourcesBuildPhase section */

/* Begin PBXSourcesBuildPhase section */
		2E42BADF2282F2EE00E8B91E /* Sources */ = {
			isa = PBXSourcesBuildPhase;
			buildActionMask = 2147483647;
			files = (
				2E42BAFD228308B900E8B91E /* SettingViewController.swift in Sources */,
				2E42BAE92282F2EE00E8B91E /* ViewController.swift in Sources */,
				2E42BAF92282F83800E8B91E /* GameSceneViewController.swift in Sources */,
				2E42BAFB2283061900E8B91E /* BubbleView.swift in Sources */,
				2E42BAFF2283EE4E00E8B91E /* ScoreBoardViewController.swift in Sources */,
				2E42BAE72282F2EE00E8B91E /* AppDelegate.swift in Sources */,
			);
			runOnlyForDeploymentPostprocessing = 0;
		};
/* End PBXSourcesBuildPhase section */

/* Begin PBXVariantGroup section */
		2E42BAEA2282F2EE00E8B91E /* Main.storyboard */ = {
			isa = PBXVariantGroup;
			children = (
				2E42BAEB2282F2EE00E8B91E /* Base */,
			);
			name = Main.storyboard;
			sourceTree = "<group>";
		};
		2E42BAEF2282F2F600E8B91E /* LaunchScreen.storyboard */ = {
			isa = PBXVariantGroup;
			children = (
				2E42BAF02282F2F600E8B91E /* Base */,
			);
			name = LaunchScreen.storyboard;
			sourceTree = "<group>";
		};
/* End PBXVariantGroup section */

/* Begin XCBuildConfiguration section */
		2E42BAF32282F2F600E8B91E /* Debug */ = {
			isa = XCBuildConfiguration;
			buildSettings = {
				ALWAYS_SEARCH_USER_PATHS = NO;
				CLANG_ANALYZER_NONNULL = YES;
				CLANG_ANALYZER_NUMBER_OBJECT_CONVERSION = YES_AGGRESSIVE;
				CLANG_CXX_LANGUAGE_STANDARD = "gnu++14";
				CLANG_CXX_LIBRARY = "libc++";
				CLANG_ENABLE_MODULES = YES;
				CLANG_ENABLE_OBJC_ARC = YES;
				CLANG_ENABLE_OBJC_WEAK = YES;
				CLANG_WARN_BLOCK_CAPTURE_AUTORELEASING = YES;
				CLANG_WARN_BOOL_CONVERSION = YES;
				CLANG_WARN_COMMA = YES;
				CLANG_WARN_CONSTANT_CONVERSION = YES;
				CLANG_WARN_DEPRECATED_OBJC_IMPLEMENTATIONS = YES;
				CLANG_WARN_DIRECT_OBJC_ISA_USAGE = YES_ERROR;
				CLANG_WARN_DOCUMENTATION_COMMENTS = YES;
				CLANG_WARN_EMPTY_BODY = YES;
				CLANG_WARN_ENUM_CONVERSION = YES;
				CLANG_WARN_INFINITE_RECURSION = YES;
				CLANG_WARN_INT_CONVERSION = YES;
				CLANG_WARN_NON_LITERAL_NULL_CONVERSION = YES;
				CLANG_WARN_OBJC_IMPLICIT_RETAIN_SELF = YES;
				CLANG_WARN_OBJC_LITERAL_CONVERSION = YES;
				CLANG_WARN_OBJC_ROOT_CLASS = YES_ERROR;
				CLANG_WARN_RANGE_LOOP_ANALYSIS = YES;
				CLANG_WARN_STRICT_PROTOTYPES = YES;
				CLANG_WARN_SUSPICIOUS_MOVE = YES;
				CLANG_WARN_UNGUARDED_AVAILABILITY = YES_AGGRESSIVE;
				CLANG_WARN_UNREACHABLE_CODE = YES;
				CLANG_WARN__DUPLICATE_METHOD_MATCH = YES;
				CODE_SIGN_IDENTITY = "iPhone Developer";
				COPY_PHASE_STRIP = NO;
				DEBUG_INFORMATION_FORMAT = dwarf;
				ENABLE_STRICT_OBJC_MSGSEND = YES;
				ENABLE_TESTABILITY = YES;
				GCC_C_LANGUAGE_STANDARD = gnu11;
				GCC_DYNAMIC_NO_PIC = NO;
				GCC_NO_COMMON_BLOCKS = YES;
				GCC_OPTIMIZATION_LEVEL = 0;
				GCC_PREPROCESSOR_DEFINITIONS = (
					"DEBUG=1",
					"$(inherited)",
				);
				GCC_WARN_64_TO_32_BIT_CONVERSION = YES;
				GCC_WARN_ABOUT_RETURN_TYPE = YES_ERROR;
				GCC_WARN_UNDECLARED_SELECTOR = YES;
				GCC_WARN_UNINITIALIZED_AUTOS = YES_AGGRESSIVE;
				GCC_WARN_UNUSED_FUNCTION = YES;
				GCC_WARN_UNUSED_VARIABLE = YES;
				IPHONEOS_DEPLOYMENT_TARGET = 12.2;
				MTL_ENABLE_DEBUG_INFO = INCLUDE_SOURCE;
				MTL_FAST_MATH = YES;
				ONLY_ACTIVE_ARCH = YES;
				SDKROOT = iphoneos;
				SWIFT_ACTIVE_COMPILATION_CONDITIONS = DEBUG;
				SWIFT_OPTIMIZATION_LEVEL = "-Onone";
			};
			name = Debug;
		};
		2E42BAF42282F2F600E8B91E /* Release */ = {
			isa = XCBuildConfiguration;
			buildSettings = {
				ALWAYS_SEARCH_USER_PATHS = NO;
				CLANG_ANALYZER_NONNULL = YES;
				CLANG_ANALYZER_NUMBER_OBJECT_CONVERSION = YES_AGGRESSIVE;
				CLANG_CXX_LANGUAGE_STANDARD = "gnu++14";
				CLANG_CXX_LIBRARY = "libc++";
				CLANG_ENABLE_MODULES = YES;
				CLANG_ENABLE_OBJC_ARC = YES;
				CLANG_ENABLE_OBJC_WEAK = YES;
				CLANG_WARN_BLOCK_CAPTURE_AUTORELEASING = YES;
				CLANG_WARN_BOOL_CONVERSION = YES;
				CLANG_WARN_COMMA = YES;
				CLANG_WARN_CONSTANT_CONVERSION = YES;
				CLANG_WARN_DEPRECATED_OBJC_IMPLEMENTATIONS = YES;
				CLANG_WARN_DIRECT_OBJC_ISA_USAGE = YES_ERROR;
				CLANG_WARN_DOCUMENTATION_COMMENTS = YES;
				CLANG_WARN_EMPTY_BODY = YES;
				CLANG_WARN_ENUM_CONVERSION = YES;
				CLANG_WARN_INFINITE_RECURSION = YES;
				CLANG_WARN_INT_CONVERSION = YES;
				CLANG_WARN_NON_LITERAL_NULL_CONVERSION = YES;
				CLANG_WARN_OBJC_IMPLICIT_RETAIN_SELF = YES;
				CLANG_WARN_OBJC_LITERAL_CONVERSION = YES;
				CLANG_WARN_OBJC_ROOT_CLASS = YES_ERROR;
				CLANG_WARN_RANGE_LOOP_ANALYSIS = YES;
				CLANG_WARN_STRICT_PROTOTYPES = YES;
				CLANG_WARN_SUSPICIOUS_MOVE = YES;
				CLANG_WARN_UNGUARDED_AVAILABILITY = YES_AGGRESSIVE;
				CLANG_WARN_UNREACHABLE_CODE = YES;
				CLANG_WARN__DUPLICATE_METHOD_MATCH = YES;
				CODE_SIGN_IDENTITY = "iPhone Developer";
				COPY_PHASE_STRIP = NO;
				DEBUG_INFORMATION_FORMAT = "dwarf-with-dsym";
				ENABLE_NS_ASSERTIONS = NO;
				ENABLE_STRICT_OBJC_MSGSEND = YES;
				GCC_C_LANGUAGE_STANDARD = gnu11;
				GCC_NO_COMMON_BLOCKS = YES;
				GCC_WARN_64_TO_32_BIT_CONVERSION = YES;
				GCC_WARN_ABOUT_RETURN_TYPE = YES_ERROR;
				GCC_WARN_UNDECLARED_SELECTOR = YES;
				GCC_WARN_UNINITIALIZED_AUTOS = YES_AGGRESSIVE;
				GCC_WARN_UNUSED_FUNCTION = YES;
				GCC_WARN_UNUSED_VARIABLE = YES;
				IPHONEOS_DEPLOYMENT_TARGET = 12.2;
				MTL_ENABLE_DEBUG_INFO = NO;
				MTL_FAST_MATH = YES;
				SDKROOT = iphoneos;
				SWIFT_COMPILATION_MODE = wholemodule;
				SWIFT_OPTIMIZATION_LEVEL = "-O";
				VALIDATE_PRODUCT = YES;
			};
			name = Release;
		};
		2E42BAF62282F2F600E8B91E /* Debug */ = {
			isa = XCBuildConfiguration;
			buildSettings = {
				ASSETCATALOG_COMPILER_APPICON_NAME = AppIcon;
				CODE_SIGN_STYLE = Automatic;
				DEVELOPMENT_TEAM = "";
				INFOPLIST_FILE = BubblePop/Info.plist;
				IPHONEOS_DEPLOYMENT_TARGET = 12.1;
				LD_RUNPATH_SEARCH_PATHS = (
					"$(inherited)",
					"@executable_path/Frameworks",
				);
				PRODUCT_BUNDLE_IDENTIFIER = uts.BubblePop;
				PRODUCT_NAME = "$(TARGET_NAME)";
				SWIFT_VERSION = 5.0;
				TARGETED_DEVICE_FAMILY = "1,2";
			};
			name = Debug;
		};
		2E42BAF72282F2F600E8B91E /* Release */ = {
			isa = XCBuildConfiguration;
			buildSettings = {
				ASSETCATALOG_COMPILER_APPICON_NAME = AppIcon;
				CODE_SIGN_STYLE = Automatic;
				DEVELOPMENT_TEAM = "";
				INFOPLIST_FILE = BubblePop/Info.plist;
				IPHONEOS_DEPLOYMENT_TARGET = 12.1;
				LD_RUNPATH_SEARCH_PATHS = (
					"$(inherited)",
					"@executable_path/Frameworks",
				);
				PRODUCT_BUNDLE_IDENTIFIER = uts.BubblePop;
				PRODUCT_NAME = "$(TARGET_NAME)";
				SWIFT_VERSION = 5.0;
				TARGETED_DEVICE_FAMILY = "1,2";
			};
			name = Release;
		};
/* End XCBuildConfiguration section */

/* Begin XCConfigurationList section */
		2E42BADE2282F2EE00E8B91E /* Build configuration list for PBXProject "BubblePop" */ = {
			isa = XCConfigurationList;
			buildConfigurations = (
				2E42BAF32282F2F600E8B91E /* Debug */,
				2E42BAF42282F2F600E8B91E /* Release */,
			);
			defaultConfigurationIsVisible = 0;
			defaultConfigurationName = Release;
		};
		2E42BAF52282F2F600E8B91E /* Build configuration list for PBXNativeTarget "BubblePop" */ = {
			isa = XCConfigurationList;
			buildConfigurations = (
				2E42BAF62282F2F600E8B91E /* Debug */,
				2E42BAF72282F2F600E8B91E /* Release */,
			);
			defaultConfigurationIsVisible = 0;
			defaultConfigurationName = Release;
		};
/* End XCConfigurationList section */
	};
	rootObject = 2E42BADB2282F2EE00E8B91E /* Project object */;
}
